
Microsoft Visual Studio Solution File, Format Version 12.00
# Visual Studio Version 17
VisualStudioVersion = 17.14.36930.0
MinimumVisualStudioVersion = 10.0.40219.1
Project("{FAE04EC0-301F-11D3-BF4B-00C04F79EFBC}") = "GeometryShape", "GeometryShape.csproj", "{B9E74EF9-9011-42F2-AC3F-F567A9888E15}"
EndProject
Project("{FAE04EC0-301F-11D3-BF4B-00C04F79EFBC}") = "ShapeTest", "..\ShapeTest\ShapeTest.csproj", "{EC34706F-62D7-E5B6-B063-EBF88115A34E}"
EndProject
Global
	GlobalSection(SolutionConfigurationPlatforms) = preSolution
		Debug|Any CPU = Debug|Any CPU
		Release|Any CPU = Release|Any CPU
	EndGlobalSection
	GlobalSection(ProjectConfigurationPlatforms) = postSolution
		{B9E74EF9-9011-42F2-AC3F-F567A9888E15}.Debug|Any CPU.ActiveCfg = Debug|Any CPU
		{B9E74EF9-9011-42F2-AC3F-F567A9888E15}.Debug|Any CPU.Build.0 = Debug|Any CPU
		{B9E74EF9-9011-42F2-AC3F-F567A9888E15}.Release|Any CPU.ActiveCfg = Release|Any CPU
		{B9E74EF9-9011-42F2-AC3F-F567A9888E15}.Release|Any CPU.Build.0 = Release|Any CPU
		{EC34706F-62D7-E5B6-B063-EBF88115A34E}.Debug|Any CPU.ActiveCfg = Debug|Any CPU
		{EC34706F-62D7-E5B6-B063-EBF88115A34E}.Debug|Any CPU.Build.0 = Debug|Any CPU
		{EC34706F-62D7-E5B6-B063-EBF88115A34E}.Release|Any CPU.ActiveCfg = Release|Any CPU
		{EC34706F-62D7-E5B6-B063-EBF88115A34E}.Release|Any CPU.Build.0 = Release|Any CPU
	EndGlobalSection
	GlobalSection(SolutionProperties) = preSolution
		HideSolutionNode = FALSE
	EndGlobalSection
	GlobalSection(ExtensibilityGlobals) = postSolution
		SolutionGuid = {CC3F57EC-D652-4CD1-AF30-0CAE9FA6E9C7}
	EndGlobalSection
EndGlobal
